// !$*UTF8*$!
{
	archiveVersion = 1;
	classes = {
	};
	objectVersion = 46;
	objects = {

/* Begin PBXBuildFile section */
		4CDEBD781D700AAC00351DE1 /* main.m in Sources */ = {isa = PBXBuildFile; fileRef = 4CDEBD771D700AAC00351DE1 /* main.m */; };
		4CDEBD7B1D700AAC00351DE1 /* AppDelegate.m in Sources */ = {isa = PBXBuildFile; fileRef = 4CDEBD7A1D700AAC00351DE1 /* AppDelegate.m */; };
		4CDEBD7E1D700AAC00351DE1 /* ViewController.m in Sources */ = {isa = PBXBuildFile; fileRef = 4CDEBD7D1D700AAC00351DE1 /* ViewController.m */; };
		4CDEBD811D700AAC00351DE1 /* Main.storyboard in Resources */ = {isa = PBXBuildFile; fileRef = 4CDEBD7F1D700AAC00351DE1 /* Main.storyboard */; };
		4CDEBD831D700AAC00351DE1 /* Assets.xcassets in Resources */ = {isa = PBXBuildFile; fileRef = 4CDEBD821D700AAC00351DE1 /* Assets.xcassets */; };
		4CDEBD861D700AAC00351DE1 /* LaunchScreen.storyboard in Resources */ = {isa = PBXBuildFile; fileRef = 4CDEBD841D700AAC00351DE1 /* LaunchScreen.storyboard */; };
		4CDEBD911D700AAC00351DE1 /* XTYModelDemoTests.m in Sources */ = {isa = PBXBuildFile; fileRef = 4CDEBD901D700AAC00351DE1 /* XTYModelDemoTests.m */; };
		4CDEBD9C1D700AAC00351DE1 /* XTYModelDemoUITests.m in Sources */ = {isa = PBXBuildFile; fileRef = 4CDEBD9B1D700AAC00351DE1 /* XTYModelDemoUITests.m */; };
		4CDEBDAD1D700AD000351DE1 /* XTYJson.m in Sources */ = {isa = PBXBuildFile; fileRef = 4CDEBDAC1D700AD000351DE1 /* XTYJson.m */; };
		4CDEBDB01D700B2500351DE1 /* XTYModelItem.m in Sources */ = {isa = PBXBuildFile; fileRef = 4CDEBDAF1D700B2500351DE1 /* XTYModelItem.m */; };
/* End PBXBuildFile section */

/* Begin PBXContainerItemProxy section */
		4CDEBD8D1D700AAC00351DE1 /* PBXContainerItemProxy */ = {
			isa = PBXContainerItemProxy;
			containerPortal = 4CDEBD6B1D700AAC00351DE1 /* Project object */;
			proxyType = 1;
			remoteGlobalIDString = 4CDEBD721D700AAC00351DE1;
			remoteInfo = XTYModelDemo;
		};
		4CDEBD981D700AAC00351DE1 /* PBXContainerItemProxy */ = {
			isa = PBXContainerItemProxy;
			containerPortal = 4CDEBD6B1D700AAC00351DE1 /* Project object */;
			proxyType = 1;
			remoteGlobalIDString = 4CDEBD721D700AAC00351DE1;
			remoteInfo = XTYModelDemo;
		};
/* End PBXContainerItemProxy section */

/* Begin PBXFileReference section */
		4CDEBD731D700AAC00351DE1 /* XTYModelDemo.app */ = {isa = PBXFileReference; explicitFileType = wrapper.application; includeInIndex = 0; path = XTYModelDemo.app; sourceTree = BUILT_PRODUCTS_DIR; };
		4CDEBD771D700AAC00351DE1 /* main.m */ = {isa = PBXFileReference; lastKnownFileType = sourcecode.c.objc; path = main.m; sourceTree = "<group>"; };
		4CDEBD791D700AAC00351DE1 /* AppDelegate.h */ = {isa = PBXFileReference; lastKnownFileType = sourcecode.c.h; path = AppDelegate.h; sourceTree = "<group>"; };
		4CDEBD7A1D700AAC00351DE1 /* AppDelegate.m */ = {isa = PBXFileReference; lastKnownFileType = sourcecode.c.objc; path = AppDelegate.m; sourceTree = "<group>"; };
		4CDEBD7C1D700AAC00351DE1 /* ViewController.h */ = {isa = PBXFileReference; lastKnownFileType = sourcecode.c.h; path = ViewController.h; sourceTree = "<group>"; };
		4CDEBD7D1D700AAC00351DE1 /* ViewController.m */ = {isa = PBXFileReference; lastKnownFileType = sourcecode.c.objc; path = ViewController.m; sourceTree = "<group>"; };
		4CDEBD801D700AAC00351DE1 /* Base */ = {isa = PBXFileReference; lastKnownFileType = file.storyboard; name = Base; path = Base.lproj/Main.storyboard; sourceTree = "<group>"; };
		4CDEBD821D700AAC00351DE1 /* Assets.xcassets */ = {isa = PBXFileReference; lastKnownFileType = folder.assetcatalog; path = Assets.xcassets; sourceTree = "<group>"; };
		4CDEBD851D700AAC00351DE1 /* Base */ = {isa = PBXFileReference; lastKnownFileType = file.storyboard; name = Base; path = Base.lproj/LaunchScreen.storyboard; sourceTree = "<group>"; };
		4CDEBD871D700AAC00351DE1 /* Info.plist */ = {isa = PBXFileReference; lastKnownFileType = text.plist.xml; path = Info.plist; sourceTree = "<group>"; };
		4CDEBD8C1D700AAC00351DE1 /* XTYModelDemoTests.xctest */ = {isa = PBXFileReference; explicitFileType = wrapper.cfbundle; includeInIndex = 0; path = XTYModelDemoTests.xctest; sourceTree = BUILT_PRODUCTS_DIR; };
		4CDEBD901D700AAC00351DE1 /* XTYModelDemoTests.m */ = {isa = PBXFileReference; lastKnownFileType = sourcecode.c.objc; path = XTYModelDemoTests.m; sourceTree = "<group>"; };
		4CDEBD921D700AAC00351DE1 /* Info.plist */ = {isa = PBXFileReference; lastKnownFileType = text.plist.xml; path = Info.plist; sourceTree = "<group>"; };
		4CDEBD971D700AAC00351DE1 /* XTYModelDemoUITests.xctest */ = {isa = PBXFileReference; explicitFileType = wrapper.cfbundle; includeInIndex = 0; path = XTYModelDemoUITests.xctest; sourceTree = BUILT_PRODUCTS_DIR; };
		4CDEBD9B1D700AAC00351DE1 /* XTYModelDemoUITests.m */ = {isa = PBXFileReference; lastKnownFileType = sourcecode.c.objc; path = XTYModelDemoUITests.m; sourceTree = "<group>"; };
		4CDEBD9D1D700AAC00351DE1 /* Info.plist */ = {isa = PBXFileReference; lastKnownFileType = text.plist.xml; path = Info.plist; sourceTree = "<group>"; };
		4CDEBDAB1D700AD000351DE1 /* XTYJson.h */ = {isa = PBXFileReference; fileEncoding = 4; lastKnownFileType = sourcecode.c.h; path = XTYJson.h; sourceTree = "<group>"; };
		4CDEBDAC1D700AD000351DE1 /* XTYJson.m */ = {isa = PBXFileReference; fileEncoding = 4; lastKnownFileType = sourcecode.c.objc; path = XTYJson.m; sourceTree = "<group>"; };
		4CDEBDAE1D700B2500351DE1 /* XTYModelItem.h */ = {isa = PBXFileReference; fileEncoding = 4; lastKnownFileType = sourcecode.c.h; path = XTYModelItem.h; sourceTree = "<group>"; };
		4CDEBDAF1D700B2500351DE1 /* XTYModelItem.m */ = {isa = PBXFileReference; fileEncoding = 4; lastKnownFileType = sourcecode.c.objc; path = XTYModelItem.m; sourceTree = "<group>"; };
/* End PBXFileReference section */

/* Begin PBXFrameworksBuildPhase section */
		4CDEBD701D700AAC00351DE1 /* Frameworks */ = {
			isa = PBXFrameworksBuildPhase;
			buildActionMask = 2147483647;
			files = (
			);
			runOnlyForDeploymentPostprocessing = 0;
		};
		4CDEBD891D700AAC00351DE1 /* Frameworks */ = {
			isa = PBXFrameworksBuildPhase;
			buildActionMask = 2147483647;
			files = (
			);
			runOnlyForDeploymentPostprocessing = 0;
		};
		4CDEBD941D700AAC00351DE1 /* Frameworks */ = {
			isa = PBXFrameworksBuildPhase;
			buildActionMask = 2147483647;
			files = (
			);
			runOnlyForDeploymentPostprocessing = 0;
		};
/* End PBXFrameworksBuildPhase section */

/* Begin PBXGroup section */
		4CDEBD6A1D700AAC00351DE1 = {
			isa = PBXGroup;
			children = (
				4CDEBDAA1D700AC000351DE1 /* XTYJson */,
				4CDEBDA91D700AB700351DE1 /* XTYModel */,
				4CDEBD751D700AAC00351DE1 /* XTYModelDemo */,
				4CDEBD8F1D700AAC00351DE1 /* XTYModelDemoTests */,
				4CDEBD9A1D700AAC00351DE1 /* XTYModelDemoUITests */,
				4CDEBD741D700AAC00351DE1 /* Products */,
			);
			sourceTree = "<group>";
		};
		4CDEBD741D700AAC00351DE1 /* Products */ = {
			isa = PBXGroup;
			children = (
				4CDEBD731D700AAC00351DE1 /* XTYModelDemo.app */,
				4CDEBD8C1D700AAC00351DE1 /* XTYModelDemoTests.xctest */,
				4CDEBD971D700AAC00351DE1 /* XTYModelDemoUITests.xctest */,
			);
			name = Products;
			sourceTree = "<group>";
		};
		4CDEBD751D700AAC00351DE1 /* XTYModelDemo */ = {
			isa = PBXGroup;
			children = (
				4CDEBD791D700AAC00351DE1 /* AppDelegate.h */,
				4CDEBD7A1D700AAC00351DE1 /* AppDelegate.m */,
				4CDEBD7C1D700AAC00351DE1 /* ViewController.h */,
				4CDEBD7D1D700AAC00351DE1 /* ViewController.m */,
				4CDEBD7F1D700AAC00351DE1 /* Main.storyboard */,
				4CDEBD821D700AAC00351DE1 /* Assets.xcassets */,
				4CDEBD841D700AAC00351DE1 /* LaunchScreen.storyboard */,
				4CDEBD871D700AAC00351DE1 /* Info.plist */,
				4CDEBD761D700AAC00351DE1 /* Supporting Files */,
			);
			path = XTYModelDemo;
			sourceTree = "<group>";
		};
		4CDEBD761D700AAC00351DE1 /* Supporting Files */ = {
			isa = PBXGroup;
			children = (
				4CDEBD771D700AAC00351DE1 /* main.m */,
			);
			name = "Supporting Files";
			sourceTree = "<group>";
		};
		4CDEBD8F1D700AAC00351DE1 /* XTYModelDemoTests */ = {
			isa = PBXGroup;
			children = (
				4CDEBD901D700AAC00351DE1 /* XTYModelDemoTests.m */,
				4CDEBD921D700AAC00351DE1 /* Info.plist */,
			);
			path = XTYModelDemoTests;
			sourceTree = "<group>";
		};
		4CDEBD9A1D700AAC00351DE1 /* XTYModelDemoUITests */ = {
			isa = PBXGroup;
			children = (
				4CDEBD9B1D700AAC00351DE1 /* XTYModelDemoUITests.m */,
				4CDEBD9D1D700AAC00351DE1 /* Info.plist */,
			);
			path = XTYModelDemoUITests;
			sourceTree = "<group>";
		};
		4CDEBDA91D700AB700351DE1 /* XTYModel */ = {
			isa = PBXGroup;
			children = (
				4CDEBDAE1D700B2500351DE1 /* XTYModelItem.h */,
				4CDEBDAF1D700B2500351DE1 /* XTYModelItem.m */,
			);
			name = XTYModel;
			sourceTree = "<group>";
		};
		4CDEBDAA1D700AC000351DE1 /* XTYJson */ = {
			isa = PBXGroup;
			children = (
				4CDEBDAB1D700AD000351DE1 /* XTYJson.h */,
				4CDEBDAC1D700AD000351DE1 /* XTYJson.m */,
			);
			name = XTYJson;
			sourceTree = "<group>";
		};
/* End PBXGroup section */

/* Begin PBXNativeTarget section */
		4CDEBD721D700AAC00351DE1 /* XTYModelDemo */ = {
			isa = PBXNativeTarget;
			buildConfigurationList = 4CDEBDA01D700AAC00351DE1 /* Build configuration list for PBXNativeTarget "XTYModelDemo" */;
			buildPhases = (
				4CDEBD6F1D700AAC00351DE1 /* Sources */,
				4CDEBD701D700AAC00351DE1 /* Frameworks */,
				4CDEBD711D700AAC00351DE1 /* Resources */,
			);
			buildRules = (
			);
			dependencies = (
			);
			name = XTYModelDemo;
			productName = XTYModelDemo;
			productReference = 4CDEBD731D700AAC00351DE1 /* XTYModelDemo.app */;
			productType = "com.apple.product-type.application";
		};
		4CDEBD8B1D700AAC00351DE1 /* XTYModelDemoTests */ = {
			isa = PBXNativeTarget;
			buildConfigurationList = 4CDEBDA31D700AAC00351DE1 /* Build configuration list for PBXNativeTarget "XTYModelDemoTests" */;
			buildPhases = (
				4CDEBD881D700AAC00351DE1 /* Sources */,
				4CDEBD891D700AAC00351DE1 /* Frameworks */,
				4CDEBD8A1D700AAC00351DE1 /* Resources */,
			);
			buildRules = (
			);
			dependencies = (
				4CDEBD8E1D700AAC00351DE1 /* PBXTargetDependency */,
			);
			name = XTYModelDemoTests;
			productName = XTYModelDemoTests;
			productReference = 4CDEBD8C1D700AAC00351DE1 /* XTYModelDemoTests.xctest */;
			productType = "com.apple.product-type.bundle.unit-test";
		};
		4CDEBD961D700AAC00351DE1 /* XTYModelDemoUITests */ = {
			isa = PBXNativeTarget;
			buildConfigurationList = 4CDEBDA61D700AAC00351DE1 /* Build configuration list for PBXNativeTarget "XTYModelDemoUITests" */;
			buildPhases = (
				4CDEBD931D700AAC00351DE1 /* Sources */,
				4CDEBD941D700AAC00351DE1 /* Frameworks */,
				4CDEBD951D700AAC00351DE1 /* Resources */,
			);
			buildRules = (
			);
			dependencies = (
				4CDEBD991D700AAC00351DE1 /* PBXTargetDependency */,
			);
			name = XTYModelDemoUITests;
			productName = XTYModelDemoUITests;
			productReference = 4CDEBD971D700AAC00351DE1 /* XTYModelDemoUITests.xctest */;
			productType = "com.apple.product-type.bundle.ui-testing";
		};
/* End PBXNativeTarget section */

/* Begin PBXProject section */
		4CDEBD6B1D700AAC00351DE1 /* Project object */ = {
			isa = PBXProject;
			attributes = {
				LastUpgradeCheck = 0720;
				ORGANIZATIONNAME = Michael;
				TargetAttributes = {
					4CDEBD721D700AAC00351DE1 = {
						CreatedOnToolsVersion = 7.2.1;
					};
					4CDEBD8B1D700AAC00351DE1 = {
						CreatedOnToolsVersion = 7.2.1;
						TestTargetID = 4CDEBD721D700AAC00351DE1;
					};
					4CDEBD961D700AAC00351DE1 = {
						CreatedOnToolsVersion = 7.2.1;
						TestTargetID = 4CDEBD721D700AAC00351DE1;
					};
				};
			};
			buildConfigurationList = 4CDEBD6E1D700AAC00351DE1 /* Build configuration list for PBXProject "XTYModelDemo" */;
			compatibilityVersion = "Xcode 3.2";
			developmentRegion = English;
			hasScannedForEncodings = 0;
			knownRegions = (
				en,
				Base,
			);
			mainGroup = 4CDEBD6A1D700AAC00351DE1;
			productRefGroup = 4CDEBD741D700AAC00351DE1 /* Products */;
			projectDirPath = "";
			projectRoot = "";
			targets = (
				4CDEBD721D700AAC00351DE1 /* XTYModelDemo */,
				4CDEBD8B1D700AAC00351DE1 /* XTYModelDemoTests */,
				4CDEBD961D700AAC00351DE1 /* XTYModelDemoUITests */,
			);
		};
/* End PBXProject section */

/* Begin PBXResourcesBuildPhase section */
		4CDEBD711D700AAC00351DE1 /* Resources */ = {
			isa = PBXResourcesBuildPhase;
			buildActionMask = 2147483647;
			files = (
				4CDEBD861D700AAC00351DE1 /* LaunchScreen.storyboard in Resources */,
				4CDEBD831D700AAC00351DE1 /* Assets.xcassets in Resources */,
				4CDEBD811D700AAC00351DE1 /* Main.storyboard in Resources */,
			);
			runOnlyForDeploymentPostprocessing = 0;
		};
		4CDEBD8A1D700AAC00351DE1 /* Resources */ = {
			isa = PBXResourcesBuildPhase;
			buildActionMask = 2147483647;
			files = (
			);
			runOnlyForDeploymentPostprocessing = 0;
		};
		4CDEBD951D700AAC00351DE1 /* Resources */ = {
			isa = PBXResourcesBuildPhase;
			buildActionMask = 2147483647;
			files = (
			);
			runOnlyForDeploymentPostprocessing = 0;
		};
/* End PBXResourcesBuildPhase section */

/* Begin PBXSourcesBuildPhase section */
		4CDEBD6F1D700AAC00351DE1 /* Sources */ = {
			isa = PBXSourcesBuildPhase;
			buildActionMask = 2147483647;
			files = (
				4CDEBD7E1D700AAC00351DE1 /* ViewController.m in Sources */,
				4CDEBD7B1D700AAC00351DE1 /* AppDelegate.m in Sources */,
				4CDEBDB01D700B2500351DE1 /* XTYModelItem.m in Sources */,
				4CDEBD781D700AAC00351DE1 /* main.m in Sources */,
				4CDEBDAD1D700AD000351DE1 /* XTYJson.m in Sources */,
			);
			runOnlyForDeploymentPostprocessing = 0;
		};
		4CDEBD881D700AAC00351DE1 /* Sources */ = {
			isa = PBXSourcesBuildPhase;
			buildActionMask = 2147483647;
			files = (
				4CDEBD911D700AAC00351DE1 /* XTYModelDemoTests.m in Sources */,
			);
			runOnlyForDeploymentPostprocessing = 0;
		};
		4CDEBD931D700AAC00351DE1 /* Sources */ = {
			isa = PBXSourcesBuildPhase;
			buildActionMask = 2147483647;
			files = (
				4CDEBD9C1D700AAC00351DE1 /* XTYModelDemoUITests.m in Sources */,
			);
			runOnlyForDeploymentPostprocessing = 0;
		};
/* End PBXSourcesBuildPhase section */

/* Begin PBXTargetDependency section */
		4CDEBD8E1D700AAC00351DE1 /* PBXTargetDependency */ = {
			isa = PBXTargetDependency;
			target = 4CDEBD721D700AAC00351DE1 /* XTYModelDemo */;
			targetProxy = 4CDEBD8D1D700AAC00351DE1 /* PBXContainerItemProxy */;
		};
		4CDEBD991D700AAC00351DE1 /* PBXTargetDependency */ = {
			isa = PBXTargetDependency;
			target = 4CDEBD721D700AAC00351DE1 /* XTYModelDemo */;
			targetProxy = 4CDEBD981D700AAC00351DE1 /* PBXContainerItemProxy */;
		};
/* End PBXTargetDependency section */

/* Begin PBXVariantGroup section */
		4CDEBD7F1D700AAC00351DE1 /* Main.storyboard */ = {
			isa = PBXVariantGroup;
			children = (
				4CDEBD801D700AAC00351DE1 /* Base */,
			);
			name = Main.storyboard;
			sourceTree = "<group>";
		};
		4CDEBD841D700AAC00351DE1 /* LaunchScreen.storyboard */ = {
			isa = PBXVariantGroup;
			children = (
				4CDEBD851D700AAC00351DE1 /* Base */,
			);
			name = LaunchScreen.storyboard;
			sourceTree = "<group>";
		};
/* End PBXVariantGroup section */

/* Begin XCBuildConfiguration section */
		4CDEBD9E1D700AAC00351DE1 /* Debug */ = {
			isa = XCBuildConfiguration;
			buildSettings = {
				ALWAYS_SEARCH_USER_PATHS = NO;
				CLANG_CXX_LANGUAGE_STANDARD = "gnu++0x";
				CLANG_CXX_LIBRARY = "libc++";
				CLANG_ENABLE_MODULES = YES;
				CLANG_ENABLE_OBJC_ARC = YES;
				CLANG_WARN_BOOL_CONVERSION = YES;
				CLANG_WARN_CONSTANT_CONVERSION = YES;
				CLANG_WARN_DIRECT_OBJC_ISA_USAGE = YES_ERROR;
				CLANG_WARN_EMPTY_BODY = YES;
				CLANG_WARN_ENUM_CONVERSION = YES;
				CLANG_WARN_INT_CONVERSION = YES;
				CLANG_WARN_OBJC_ROOT_CLASS = YES_ERROR;
				CLANG_WARN_UNREACHABLE_CODE = YES;
				CLANG_WARN__DUPLICATE_METHOD_MATCH = YES;
				"CODE_SIGN_IDENTITY[sdk=iphoneos*]" = "iPhone Developer";
				COPY_PHASE_STRIP = NO;
				DEBUG_INFORMATION_FORMAT = dwarf;
				ENABLE_STRICT_OBJC_MSGSEND = YES;
				ENABLE_TESTABILITY = YES;
				GCC_C_LANGUAGE_STANDARD = gnu99;
				GCC_DYNAMIC_NO_PIC = NO;
				GCC_NO_COMMON_BLOCKS = YES;
				GCC_OPTIMIZATION_LEVEL = 0;
				GCC_PREPROCESSOR_DEFINITIONS = (
					"DEBUG=1",
					"$(inherited)",
				);
				GCC_WARN_64_TO_32_BIT_CONVERSION = YES;
				GCC_WARN_ABOUT_RETURN_TYPE = YES_ERROR;
				GCC_WARN_UNDECLARED_SELECTOR = YES;
				GCC_WARN_UNINITIALIZED_AUTOS = YES_AGGRESSIVE;
				GCC_WARN_UNUSED_FUNCTION = YES;
				GCC_WARN_UNUSED_VARIABLE = YES;
				IPHONEOS_DEPLOYMENT_TARGET = 9.2;
				MTL_ENABLE_DEBUG_INFO = YES;
				ONLY_ACTIVE_ARCH = YES;
				SDKROOT = iphoneos;
			};
			name = Debug;
		};
		4CDEBD9F1D700AAC00351DE1 /* Release */ = {
			isa = XCBuildConfiguration;
			buildSettings = {
				ALWAYS_SEARCH_USER_PATHS = NO;
				CLANG_CXX_LANGUAGE_STANDARD = "gnu++0x";
				CLANG_CXX_LIBRARY = "libc++";
				CLANG_ENABLE_MODULES = YES;
				CLANG_ENABLE_OBJC_ARC = YES;
				CLANG_WARN_BOOL_CONVERSION = YES;
				CLANG_WARN_CONSTANT_CONVERSION = YES;
				CLANG_WARN_DIRECT_OBJC_ISA_USAGE = YES_ERROR;
				CLANG_WARN_EMPTY_BODY = YES;
				CLANG_WARN_ENUM_CONVERSION = YES;
				CLANG_WARN_INT_CONVERSION = YES;
				CLANG_WARN_OBJC_ROOT_CLASS = YES_ERROR;
				CLANG_WARN_UNREACHABLE_CODE = YES;
				CLANG_WARN__DUPLICATE_METHOD_MATCH = YES;
				"CODE_SIGN_IDENTITY[sdk=iphoneos*]" = "iPhone Developer";
				COPY_PHASE_STRIP = NO;
				DEBUG_INFORMATION_FORMAT = "dwarf-with-dsym";
				ENABLE_NS_ASSERTIONS = NO;
				ENABLE_STRICT_OBJC_MSGSEND = YES;
				GCC_C_LANGUAGE_STANDARD = gnu99;
				GCC_NO_COMMON_BLOCKS = YES;
				GCC_WARN_64_TO_32_BIT_CONVERSION = YES;
				GCC_WARN_ABOUT_RETURN_TYPE = YES_ERROR;
				GCC_WARN_UNDECLARED_SELECTOR = YES;
				GCC_WARN_UNINITIALIZED_AUTOS = YES_AGGRESSIVE;
				GCC_WARN_UNUSED_FUNCTION = YES;
				GCC_WARN_UNUSED_VARIABLE = YES;
				IPHONEOS_DEPLOYMENT_TARGET = 9.2;
				MTL_ENABLE_DEBUG_INFO = NO;
				SDKROOT = iphoneos;
				VALIDATE_PRODUCT = YES;
			};
			name = Release;
		};
		4CDEBDA11D700AAC00351DE1 /* Debug */ = {
			isa = XCBuildConfiguration;
			buildSettings = {
				ASSETCATALOG_COMPILER_APPICON_NAME = AppIcon;
				INFOPLIST_FILE = XTYModelDemo/Info.plist;
				LD_RUNPATH_SEARCH_PATHS = "$(inherited) @executable_path/Frameworks";
				PRODUCT_BUNDLE_IDENTIFIER = Michael.XTYModelDemo;
				PRODUCT_NAME = "$(TARGET_NAME)";
			};
			name = Debug;
		};
		4CDEBDA21D700AAC00351DE1 /* Release */ = {
			isa = XCBuildConfiguration;
			buildSettings = {
				ASSETCATALOG_COMPILER_APPICON_NAME = AppIcon;
				INFOPLIST_FILE = XTYModelDemo/Info.plist;
				LD_RUNPATH_SEARCH_PATHS = "$(inherited) @executable_path/Frameworks";
				PRODUCT_BUNDLE_IDENTIFIER = Michael.XTYModelDemo;
				PRODUCT_NAME = "$(TARGET_NAME)";
			};
			name = Release;
		};
		4CDEBDA41D700AAC00351DE1 /* Debug */ = {
			isa = XCBuildConfiguration;
			buildSettings = {
				BUNDLE_LOADER = "$(TEST_HOST)";
				INFOPLIST_FILE = XTYModelDemoTests/Info.plist;
				LD_RUNPATH_SEARCH_PATHS = "$(inherited) @executable_path/Frameworks @loader_path/Frameworks";
				PRODUCT_BUNDLE_IDENTIFIER = Michael.XTYModelDemoTests;
				PRODUCT_NAME = "$(TARGET_NAME)";
				TEST_HOST = "$(BUILT_PRODUCTS_DIR)/XTYModelDemo.app/XTYModelDemo";
			};
			name = Debug;
		};
		4CDEBDA51D700AAC00351DE1 /* Release */ = {
			isa = XCBuildConfiguration;
			buildSettings = {
				BUNDLE_LOADER = "$(TEST_HOST)";
				INFOPLIST_FILE = XTYModelDemoTests/Info.plist;
				LD_RUNPATH_SEARCH_PATHS = "$(inherited) @executable_path/Frameworks @loader_path/Frameworks";
				PRODUCT_BUNDLE_IDENTIFIER = Michael.XTYModelDemoTests;
				PRODUCT_NAME = "$(TARGET_NAME)";
				TEST_HOST = "$(BUILT_PRODUCTS_DIR)/XTYModelDemo.app/XTYModelDemo";
			};
			name = Release;
		};
		4CDEBDA71D700AAC00351DE1 /* Debug */ = {
			isa = XCBuildConfiguration;
			buildSettings = {
				INFOPLIST_FILE = XTYModelDemoUITests/Info.plist;
				LD_RUNPATH_SEARCH_PATHS = "$(inherited) @executable_path/Frameworks @loader_path/Frameworks";
				PRODUCT_BUNDLE_IDENTIFIER = Michael.XTYModelDemoUITests;
				PRODUCT_NAME = "$(TARGET_NAME)";
				TEST_TARGET_NAME = XTYModelDemo;
				USES_XCTRUNNER = YES;
			};
			name = Debug;
		};
		4CDEBDA81D700AAC00351DE1 /* Release */ = {
			isa = XCBuildConfiguration;
			buildSettings = {
				INFOPLIST_FILE = XTYModelDemoUITests/Info.plist;
				LD_RUNPATH_SEARCH_PATHS = "$(inherited) @executable_path/Frameworks @loader_path/Frameworks";
				PRODUCT_BUNDLE_IDENTIFIER = Michael.XTYModelDemoUITests;
				PRODUCT_NAME = "$(TARGET_NAME)";
				TEST_TARGET_NAME = XTYModelDemo;
				USES_XCTRUNNER = YES;
			};
			name = Release;
		};
/* End XCBuildConfiguration section */

/* Begin XCConfigurationList section */
		4CDEBD6E1D700AAC00351DE1 /* Build configuration list for PBXProject "XTYModelDemo" */ = {
			isa = XCConfigurationList;
			buildConfigurations = (
				4CDEBD9E1D700AAC00351DE1 /* Debug */,
				4CDEBD9F1D700AAC00351DE1 /* Release */,
			);
			defaultConfigurationIsVisible = 0;
			defaultConfigurationName = Release;
		};
		4CDEBDA01D700AAC00351DE1 /* Build configuration list for PBXNativeTarget "XTYModelDemo" */ = {
			isa = XCConfigurationList;
			buildConfigurations = (
				4CDEBDA11D700AAC00351DE1 /* Debug */,
				4CDEBDA21D700AAC00351DE1 /* Release */,
			);
			defaultConfigurationIsVisible = 0;
		};
		4CDEBDA31D700AAC00351DE1 /* Build configuration list for PBXNativeTarget "XTYModelDemoTests" */ = {
			isa = XCConfigurationList;
			buildConfigurations = (
				4CDEBDA41D700AAC00351DE1 /* Debug */,
				4CDEBDA51D700AAC00351DE1 /* Release */,
			);
			defaultConfigurationIsVisible = 0;
		};
		4CDEBDA61D700AAC00351DE1 /* Build configuration list for PBXNativeTarget "XTYModelDemoUITests" */ = {
			isa = XCConfigurationList;
			buildConfigurations = (
				4CDEBDA71D700AAC00351DE1 /* Debug */,
				4CDEBDA81D700AAC00351DE1 /* Release */,
			);
			defaultConfigurationIsVisible = 0;
		};
/* End XCConfigurationList section */
	};
	rootObject = 4CDEBD6B1D700AAC00351DE1 /* Project object */;
}
